
Microsoft Visual Studio Solution File, Format Version 12.00
# Visual Studio Version 16
VisualStudioVersion = 16.0.30907.101
MinimumVisualStudioVersion = 10.0.40219.1
Project("{8BC9CEB8-8B4A-11D0-8D11-00A0C91BC942}") = "11주차 큐 실습", "11주차 큐 실습.vcxproj", "{3CCB58D0-2BC6-4CCD-8A24-DA19B4E690A7}"
EndProject
Global
	GlobalSection(SolutionConfigurationPlatforms) = preSolution
		Debug|x64 = Debug|x64
		Debug|x86 = Debug|x86
		Release|x64 = Release|x64
		Release|x86 = Release|x86
	EndGlobalSection
	GlobalSection(ProjectConfigurationPlatforms) = postSolution
		{3CCB58D0-2BC6-4CCD-8A24-DA19B4E690A7}.Debug|x64.ActiveCfg = Debug|x64
		{3CCB58D0-2BC6-4CCD-8A24-DA19B4E690A7}.Debug|x64.Build.0 = Debug|x64
		{3CCB58D0-2BC6-4CCD-8A24-DA19B4E690A7}.Debug|x86.ActiveCfg = Debug|Win32
		{3CCB58D0-2BC6-4CCD-8A24-DA19B4E690A7}.Debug|x86.Build.0 = Debug|Win32
		{3CCB58D0-2BC6-4CCD-8A24-DA19B4E690A7}.Release|x64.ActiveCfg = Release|x64
		{3CCB58D0-2BC6-4CCD-8A24-DA19B4E690A7}.Release|x64.Build.0 = Release|x64
		{3CCB58D0-2BC6-4CCD-8A24-DA19B4E690A7}.Release|x86.ActiveCfg = Release|Win32
		{3CCB58D0-2BC6-4CCD-8A24-DA19B4E690A7}.Release|x86.Build.0 = Release|Win32
	EndGlobalSection
	GlobalSection(SolutionProperties) = preSolution
		HideSolutionNode = FALSE
	EndGlobalSection
	GlobalSection(ExtensibilityGlobals) = postSolution
		SolutionGuid = {905F3BF2-87E8-4C38-919F-7D187FE85B8B}
	EndGlobalSection
EndGlobal
